{
  "name": "@smorky85/aurakit",
  "version": "6.4.1",
  "lockfileVersion": 3,
  "requires": true,
  "packages": {
    "": {
      "name": "@smorky85/aurakit",
      "version": "6.4.1",
      "hasInstallScript": true,
      "license": "MIT",
      "bin": {
        "aurakit": "bin/install.js"
      },
      "engines": {
        "node": ">=18.0.0"
      }
    }
  }
}
